// !$*UTF8*$!
{
	archiveVersion = 1;
	classes = {
	};
	objectVersion = 46;
	objects = {

/* Begin PBXBuildFile section */
		65528D6C1A8670E5001A2D5D /* AppDelegate.swift in Sources */ = {isa = PBXBuildFile; fileRef = 65528D6B1A8670E5001A2D5D /* AppDelegate.swift */; };
		65528D6E1A8670E5001A2D5D /* ViewController.swift in Sources */ = {isa = PBXBuildFile; fileRef = 65528D6D1A8670E5001A2D5D /* ViewController.swift */; };
		65528D711A8670E5001A2D5D /* Main.storyboard in Resources */ = {isa = PBXBuildFile; fileRef = 65528D6F1A8670E5001A2D5D /* Main.storyboard */; };
		65528D731A8670E5001A2D5D /* Images.xcassets in Resources */ = {isa = PBXBuildFile; fileRef = 65528D721A8670E5001A2D5D /* Images.xcassets */; };
		65528D761A8670E5001A2D5D /* LaunchScreen.xib in Resources */ = {isa = PBXBuildFile; fileRef = 65528D741A8670E5001A2D5D /* LaunchScreen.xib */; };
		65528D821A8670E6001A2D5D /* CalculatorTests.swift in Sources */ = {isa = PBXBuildFile; fileRef = 65528D811A8670E6001A2D5D /* CalculatorTests.swift */; };
/* End PBXBuildFile section */

/* Begin PBXContainerItemProxy section */
		65528D7C1A8670E6001A2D5D /* PBXContainerItemProxy */ = {
			isa = PBXContainerItemProxy;
			containerPortal = 65528D5E1A8670E5001A2D5D /* Project object */;
			proxyType = 1;
			remoteGlobalIDString = 65528D651A8670E5001A2D5D;
			remoteInfo = Calculator;
		};
/* End PBXContainerItemProxy section */

/* Begin PBXFileReference section */
		65528D661A8670E5001A2D5D /* Calculator.app */ = {isa = PBXFileReference; explicitFileType = wrapper.application; includeInIndex = 0; path = Calculator.app; sourceTree = BUILT_PRODUCTS_DIR; };
		65528D6A1A8670E5001A2D5D /* Info.plist */ = {isa = PBXFileReference; lastKnownFileType = text.plist.xml; path = Info.plist; sourceTree = "<group>"; };
		65528D6B1A8670E5001A2D5D /* AppDelegate.swift */ = {isa = PBXFileReference; lastKnownFileType = sourcecode.swift; path = AppDelegate.swift; sourceTree = "<group>"; };
		65528D6D1A8670E5001A2D5D /* ViewController.swift */ = {isa = PBXFileReference; lastKnownFileType = sourcecode.swift; path = ViewController.swift; sourceTree = "<group>"; };
		65528D701A8670E5001A2D5D /* Base */ = {isa = PBXFileReference; lastKnownFileType = file.storyboard; name = Base; path = Base.lproj/Main.storyboard; sourceTree = "<group>"; };
		65528D721A8670E5001A2D5D /* Images.xcassets */ = {isa = PBXFileReference; lastKnownFileType = folder.assetcatalog; path = Images.xcassets; sourceTree = "<group>"; };
		65528D751A8670E5001A2D5D /* Base */ = {isa = PBXFileReference; lastKnownFileType = file.xib; name = Base; path = Base.lproj/LaunchScreen.xib; sourceTree = "<group>"; };
		65528D7B1A8670E6001A2D5D /* CalculatorTests.xctest */ = {isa = PBXFileReference; explicitFileType = wrapper.cfbundle; includeInIndex = 0; path = CalculatorTests.xctest; sourceTree = BUILT_PRODUCTS_DIR; };
		65528D801A8670E6001A2D5D /* Info.plist */ = {isa = PBXFileReference; lastKnownFileType = text.plist.xml; path = Info.plist; sourceTree = "<group>"; };
		65528D811A8670E6001A2D5D /* CalculatorTests.swift */ = {isa = PBXFileReference; lastKnownFileType = sourcecode.swift; path = CalculatorTests.swift; sourceTree = "<group>"; };
/* End PBXFileReference section */

/* Begin PBXFrameworksBuildPhase section */
		65528D631A8670E5001A2D5D /* Frameworks */ = {
			isa = PBXFrameworksBuildPhase;
			buildActionMask = 2147483647;
			files = (
			);
			runOnlyForDeploymentPostprocessing = 0;
		};
		65528D781A8670E6001A2D5D /* Frameworks */ = {
			isa = PBXFrameworksBuildPhase;
			buildActionMask = 2147483647;
			files = (
			);
			runOnlyForDeploymentPostprocessing = 0;
		};
/* End PBXFrameworksBuildPhase section */

/* Begin PBXGroup section */
		65528D5D1A8670E5001A2D5D = {
			isa = PBXGroup;
			children = (
				65528D681A8670E5001A2D5D /* Calculator */,
				65528D7E1A8670E6001A2D5D /* CalculatorTests */,
				65528D671A8670E5001A2D5D /* Products */,
			);
			sourceTree = "<group>";
		};
		65528D671A8670E5001A2D5D /* Products */ = {
			isa = PBXGroup;
			children = (
				65528D661A8670E5001A2D5D /* Calculator.app */,
				65528D7B1A8670E6001A2D5D /* CalculatorTests.xctest */,
			);
			name = Products;
			sourceTree = "<group>";
		};
		65528D681A8670E5001A2D5D /* Calculator */ = {
			isa = PBXGroup;
			children = (
				65528D6D1A8670E5001A2D5D /* ViewController.swift */,
				65528D6F1A8670E5001A2D5D /* Main.storyboard */,
				65528D691A8670E5001A2D5D /* Supporting Files */,
			);
			path = Calculator;
			sourceTree = "<group>";
		};
		65528D691A8670E5001A2D5D /* Supporting Files */ = {
			isa = PBXGroup;
			children = (
				65528D741A8670E5001A2D5D /* LaunchScreen.xib */,
				65528D721A8670E5001A2D5D /* Images.xcassets */,
				65528D6B1A8670E5001A2D5D /* AppDelegate.swift */,
				65528D6A1A8670E5001A2D5D /* Info.plist */,
			);
			name = "Supporting Files";
			sourceTree = "<group>";
		};
		65528D7E1A8670E6001A2D5D /* CalculatorTests */ = {
			isa = PBXGroup;
			children = (
				65528D811A8670E6001A2D5D /* CalculatorTests.swift */,
				65528D7F1A8670E6001A2D5D /* Supporting Files */,
			);
			path = CalculatorTests;
			sourceTree = "<group>";
		};
		65528D7F1A8670E6001A2D5D /* Supporting Files */ = {
			isa = PBXGroup;
			children = (
				65528D801A8670E6001A2D5D /* Info.plist */,
			);
			name = "Supporting Files";
			sourceTree = "<group>";
		};
/* End PBXGroup section */

/* Begin PBXNativeTarget section */
		65528D651A8670E5001A2D5D /* Calculator */ = {
			isa = PBXNativeTarget;
			buildConfigurationList = 65528D851A8670E6001A2D5D /* Build configuration list for PBXNativeTarget "Calculator" */;
			buildPhases = (
				65528D621A8670E5001A2D5D /* Sources */,
				65528D631A8670E5001A2D5D /* Frameworks */,
				65528D641A8670E5001A2D5D /* Resources */,
			);
			buildRules = (
			);
			dependencies = (
			);
			name = Calculator;
			productName = Calculator;
			productReference = 65528D661A8670E5001A2D5D /* Calculator.app */;
			productType = "com.apple.product-type.application";
		};
		65528D7A1A8670E6001A2D5D /* CalculatorTests */ = {
			isa = PBXNativeTarget;
			buildConfigurationList = 65528D881A8670E6001A2D5D /* Build configuration list for PBXNativeTarget "CalculatorTests" */;
			buildPhases = (
				65528D771A8670E6001A2D5D /* Sources */,
				65528D781A8670E6001A2D5D /* Frameworks */,
				65528D791A8670E6001A2D5D /* Resources */,
			);
			buildRules = (
			);
			dependencies = (
				65528D7D1A8670E6001A2D5D /* PBXTargetDependency */,
			);
			name = CalculatorTests;
			productName = CalculatorTests;
			productReference = 65528D7B1A8670E6001A2D5D /* CalculatorTests.xctest */;
			productType = "com.apple.product-type.bundle.unit-test";
		};
/* End PBXNativeTarget section */

/* Begin PBXProject section */
		65528D5E1A8670E5001A2D5D /* Project object */ = {
			isa = PBXProject;
			attributes = {
				LastUpgradeCheck = 0610;
				ORGANIZATIONNAME = EgorF;
				TargetAttributes = {
					65528D651A8670E5001A2D5D = {
						CreatedOnToolsVersion = 6.1.1;
					};
					65528D7A1A8670E6001A2D5D = {
						CreatedOnToolsVersion = 6.1.1;
						TestTargetID = 65528D651A8670E5001A2D5D;
					};
				};
			};
			buildConfigurationList = 65528D611A8670E5001A2D5D /* Build configuration list for PBXProject "Calculator" */;
			compatibilityVersion = "Xcode 3.2";
			developmentRegion = English;
			hasScannedForEncodings = 0;
			knownRegions = (
				en,
				Base,
			);
			mainGroup = 65528D5D1A8670E5001A2D5D;
			productRefGroup = 65528D671A8670E5001A2D5D /* Products */;
			projectDirPath = "";
			projectRoot = "";
			targets = (
				65528D651A8670E5001A2D5D /* Calculator */,
				65528D7A1A8670E6001A2D5D /* CalculatorTests */,
			);
		};
/* End PBXProject section */

/* Begin PBXResourcesBuildPhase section */
		65528D641A8670E5001A2D5D /* Resources */ = {
			isa = PBXResourcesBuildPhase;
			buildActionMask = 2147483647;
			files = (
				65528D711A8670E5001A2D5D /* Main.storyboard in Resources */,
				65528D761A8670E5001A2D5D /* LaunchScreen.xib in Resources */,
				65528D731A8670E5001A2D5D /* Images.xcassets in Resources */,
			);
			runOnlyForDeploymentPostprocessing = 0;
		};
		65528D791A8670E6001A2D5D /* Resources */ = {
			isa = PBXResourcesBuildPhase;
			buildActionMask = 2147483647;
			files = (
			);
			runOnlyForDeploymentPostprocessing = 0;
		};
/* End PBXResourcesBuildPhase section */

/* Begin PBXSourcesBuildPhase section */
		65528D621A8670E5001A2D5D /* Sources */ = {
			isa = PBXSourcesBuildPhase;
			buildActionMask = 2147483647;
			files = (
				65528D6E1A8670E5001A2D5D /* ViewController.swift in Sources */,
				65528D6C1A8670E5001A2D5D /* AppDelegate.swift in Sources */,
			);
			runOnlyForDeploymentPostprocessing = 0;
		};
		65528D771A8670E6001A2D5D /* Sources */ = {
			isa = PBXSourcesBuildPhase;
			buildActionMask = 2147483647;
			files = (
				65528D821A8670E6001A2D5D /* CalculatorTests.swift in Sources */,
			);
			runOnlyForDeploymentPostprocessing = 0;
		};
/* End PBXSourcesBuildPhase section */

/* Begin PBXTargetDependency section */
		65528D7D1A8670E6001A2D5D /* PBXTargetDependency */ = {
			isa = PBXTargetDependency;
			target = 65528D651A8670E5001A2D5D /* Calculator */;
			targetProxy = 65528D7C1A8670E6001A2D5D /* PBXContainerItemProxy */;
		};
/* End PBXTargetDependency section */

/* Begin PBXVariantGroup section */
		65528D6F1A8670E5001A2D5D /* Main.storyboard */ = {
			isa = PBXVariantGroup;
			children = (
				65528D701A8670E5001A2D5D /* Base */,
			);
			name = Main.storyboard;
			sourceTree = "<group>";
		};
		65528D741A8670E5001A2D5D /* LaunchScreen.xib */ = {
			isa = PBXVariantGroup;
			children = (
				65528D751A8670E5001A2D5D /* Base */,
			);
			name = LaunchScreen.xib;
			sourceTree = "<group>";
		};
/* End PBXVariantGroup section */

/* Begin XCBuildConfiguration section */
		65528D831A8670E6001A2D5D /* Debug */ = {
			isa = XCBuildConfiguration;
			buildSettings = {
				ALWAYS_SEARCH_USER_PATHS = NO;
				CLANG_CXX_LANGUAGE_STANDARD = "gnu++0x";
				CLANG_CXX_LIBRARY = "libc++";
				CLANG_ENABLE_MODULES = YES;
				CLANG_ENABLE_OBJC_ARC = YES;
				CLANG_WARN_BOOL_CONVERSION = YES;
				CLANG_WARN_CONSTANT_CONVERSION = YES;
				CLANG_WARN_DIRECT_OBJC_ISA_USAGE = YES_ERROR;
				CLANG_WARN_EMPTY_BODY = YES;
				CLANG_WARN_ENUM_CONVERSION = YES;
				CLANG_WARN_INT_CONVERSION = YES;
				CLANG_WARN_OBJC_ROOT_CLASS = YES_ERROR;
				CLANG_WARN_UNREACHABLE_CODE = YES;
				CLANG_WARN__DUPLICATE_METHOD_MATCH = YES;
				"CODE_SIGN_IDENTITY[sdk=iphoneos*]" = "iPhone Developer";
				COPY_PHASE_STRIP = NO;
				ENABLE_STRICT_OBJC_MSGSEND = YES;
				GCC_C_LANGUAGE_STANDARD = gnu99;
				GCC_DYNAMIC_NO_PIC = NO;
				GCC_OPTIMIZATION_LEVEL = 0;
				GCC_PREPROCESSOR_DEFINITIONS = (
					"DEBUG=1",
					"$(inherited)",
				);
				GCC_SYMBOLS_PRIVATE_EXTERN = NO;
				GCC_WARN_64_TO_32_BIT_CONVERSION = YES;
				GCC_WARN_ABOUT_RETURN_TYPE = YES_ERROR;
				GCC_WARN_UNDECLARED_SELECTOR = YES;
				GCC_WARN_UNINITIALIZED_AUTOS = YES_AGGRESSIVE;
				GCC_WARN_UNUSED_FUNCTION = YES;
				GCC_WARN_UNUSED_VARIABLE = YES;
				IPHONEOS_DEPLOYMENT_TARGET = 8.1;
				MTL_ENABLE_DEBUG_INFO = YES;
				ONLY_ACTIVE_ARCH = YES;
				SDKROOT = iphoneos;
				SWIFT_OPTIMIZATION_LEVEL = "-Onone";
				TARGETED_DEVICE_FAMILY = "1,2";
			};
			name = Debug;
		};
		65528D841A8670E6001A2D5D /* Release */ = {
			isa = XCBuildConfiguration;
			buildSettings = {
				ALWAYS_SEARCH_USER_PATHS = NO;
				CLANG_CXX_LANGUAGE_STANDARD = "gnu++0x";
				CLANG_CXX_LIBRARY = "libc++";
				CLANG_ENABLE_MODULES = YES;
				CLANG_ENABLE_OBJC_ARC = YES;
				CLANG_WARN_BOOL_CONVERSION = YES;
				CLANG_WARN_CONSTANT_CONVERSION = YES;
				CLANG_WARN_DIRECT_OBJC_ISA_USAGE = YES_ERROR;
				CLANG_WARN_EMPTY_BODY = YES;
				CLANG_WARN_ENUM_CONVERSION = YES;
				CLANG_WARN_INT_CONVERSION = YES;
				CLANG_WARN_OBJC_ROOT_CLASS = YES_ERROR;
				CLANG_WARN_UNREACHABLE_CODE = YES;
				CLANG_WARN__DUPLICATE_METHOD_MATCH = YES;
				"CODE_SIGN_IDENTITY[sdk=iphoneos*]" = "iPhone Developer";
				COPY_PHASE_STRIP = YES;
				ENABLE_NS_ASSERTIONS = NO;
				ENABLE_STRICT_OBJC_MSGSEND = YES;
				GCC_C_LANGUAGE_STANDARD = gnu99;
				GCC_WARN_64_TO_32_BIT_CONVERSION = YES;
				GCC_WARN_ABOUT_RETURN_TYPE = YES_ERROR;
				GCC_WARN_UNDECLARED_SELECTOR = YES;
				GCC_WARN_UNINITIALIZED_AUTOS = YES_AGGRESSIVE;
				GCC_WARN_UNUSED_FUNCTION = YES;
				GCC_WARN_UNUSED_VARIABLE = YES;
				IPHONEOS_DEPLOYMENT_TARGET = 8.1;
				MTL_ENABLE_DEBUG_INFO = NO;
				SDKROOT = iphoneos;
				TARGETED_DEVICE_FAMILY = "1,2";
				VALIDATE_PRODUCT = YES;
			};
			name = Release;
		};
		65528D861A8670E6001A2D5D /* Debug */ = {
			isa = XCBuildConfiguration;
			buildSettings = {
				ASSETCATALOG_COMPILER_APPICON_NAME = AppIcon;
				INFOPLIST_FILE = Calculator/Info.plist;
				LD_RUNPATH_SEARCH_PATHS = "$(inherited) @executable_path/Frameworks";
				PRODUCT_NAME = "$(TARGET_NAME)";
			};
			name = Debug;
		};
		65528D871A8670E6001A2D5D /* Release */ = {
			isa = XCBuildConfiguration;
			buildSettings = {
				ASSETCATALOG_COMPILER_APPICON_NAME = AppIcon;
				INFOPLIST_FILE = Calculator/Info.plist;
				LD_RUNPATH_SEARCH_PATHS = "$(inherited) @executable_path/Frameworks";
				PRODUCT_NAME = "$(TARGET_NAME)";
			};
			name = Release;
		};
		65528D891A8670E6001A2D5D /* Debug */ = {
			isa = XCBuildConfiguration;
			buildSettings = {
				BUNDLE_LOADER = "$(TEST_HOST)";
				FRAMEWORK_SEARCH_PATHS = (
					"$(SDKROOT)/Developer/Library/Frameworks",
					"$(inherited)",
				);
				GCC_PREPROCESSOR_DEFINITIONS = (
					"DEBUG=1",
					"$(inherited)",
				);
				INFOPLIST_FILE = CalculatorTests/Info.plist;
				LD_RUNPATH_SEARCH_PATHS = "$(inherited) @executable_path/Frameworks @loader_path/Frameworks";
				PRODUCT_NAME = "$(TARGET_NAME)";
				TEST_HOST = "$(BUILT_PRODUCTS_DIR)/Calculator.app/Calculator";
			};
			name = Debug;
		};
		65528D8A1A8670E6001A2D5D /* Release */ = {
			isa = XCBuildConfiguration;
			buildSettings = {
				BUNDLE_LOADER = "$(TEST_HOST)";
				FRAMEWORK_SEARCH_PATHS = (
					"$(SDKROOT)/Developer/Library/Frameworks",
					"$(inherited)",
				);
				INFOPLIST_FILE = CalculatorTests/Info.plist;
				LD_RUNPATH_SEARCH_PATHS = "$(inherited) @executable_path/Frameworks @loader_path/Frameworks";
				PRODUCT_NAME = "$(TARGET_NAME)";
				TEST_HOST = "$(BUILT_PRODUCTS_DIR)/Calculator.app/Calculator";
			};
			name = Release;
		};
/* End XCBuildConfiguration section */

/* Begin XCConfigurationList section */
		65528D611A8670E5001A2D5D /* Build configuration list for PBXProject "Calculator" */ = {
			isa = XCConfigurationList;
			buildConfigurations = (
				65528D831A8670E6001A2D5D /* Debug */,
				65528D841A8670E6001A2D5D /* Release */,
			);
			defaultConfigurationIsVisible = 0;
			defaultConfigurationName = Release;
		};
		65528D851A8670E6001A2D5D /* Build configuration list for PBXNativeTarget "Calculator" */ = {
			isa = XCConfigurationList;
			buildConfigurations = (
				65528D861A8670E6001A2D5D /* Debug */,
				65528D871A8670E6001A2D5D /* Release */,
			);
			defaultConfigurationIsVisible = 0;
		};
		65528D881A8670E6001A2D5D /* Build configuration list for PBXNativeTarget "CalculatorTests" */ = {
			isa = XCConfigurationList;
			buildConfigurations = (
				65528D891A8670E6001A2D5D /* Debug */,
				65528D8A1A8670E6001A2D5D /* Release */,
			);
			defaultConfigurationIsVisible = 0;
		};
/* End XCConfigurationList section */
	};
	rootObject = 65528D5E1A8670E5001A2D5D /* Project object */;
}
